
Microsoft Visual Studio Solution File, Format Version 12.00
# Visual Studio Version 17
VisualStudioVersion = 17.10.34928.147
MinimumVisualStudioVersion = 10.0.40219.1
Project("{FAE04EC0-301F-11D3-BF4B-00C04F79EFBC}") = "Habr.ConsoleApp", "Habr.ConsoleApp\Habr.ConsoleApp.csproj", "{A6F2A827-1052-470B-9EDC-CF6B90935308}"
EndProject
Project("{FAE04EC0-301F-11D3-BF4B-00C04F79EFBC}") = "Habr.DataAccess", "Habr.DataAccess\Habr.DataAccess.csproj", "{BBBCE606-813A-4D72-B894-90BA860F91ED}"
EndProject
Global
	GlobalSection(SolutionConfigurationPlatforms) = preSolution
		Debug|Any CPU = Debug|Any CPU
		Release|Any CPU = Release|Any CPU
	EndGlobalSection
	GlobalSection(ProjectConfigurationPlatforms) = postSolution
		{A6F2A827-1052-470B-9EDC-CF6B90935308}.Debug|Any CPU.ActiveCfg = Debug|Any CPU
		{A6F2A827-1052-470B-9EDC-CF6B90935308}.Debug|Any CPU.Build.0 = Debug|Any CPU
		{A6F2A827-1052-470B-9EDC-CF6B90935308}.Release|Any CPU.ActiveCfg = Release|Any CPU
		{A6F2A827-1052-470B-9EDC-CF6B90935308}.Release|Any CPU.Build.0 = Release|Any CPU
		{BBBCE606-813A-4D72-B894-90BA860F91ED}.Debug|Any CPU.ActiveCfg = Debug|Any CPU
		{BBBCE606-813A-4D72-B894-90BA860F91ED}.Debug|Any CPU.Build.0 = Debug|Any CPU
		{BBBCE606-813A-4D72-B894-90BA860F91ED}.Release|Any CPU.ActiveCfg = Release|Any CPU
		{BBBCE606-813A-4D72-B894-90BA860F91ED}.Release|Any CPU.Build.0 = Release|Any CPU
	EndGlobalSection
	GlobalSection(SolutionProperties) = preSolution
		HideSolutionNode = FALSE
	EndGlobalSection
	GlobalSection(ExtensibilityGlobals) = postSolution
		SolutionGuid = {3F693D35-D2E3-448E-9549-A023ACD0BB39}
	EndGlobalSection
EndGlobal
